// !$*UTF8*$!
{
	archiveVersion = 1;
	classes = {
	};
	objectVersion = 51;
	objects = {

/* Begin PBXBuildFile section */
		63D6BE2CE955FE7735BF8028 /* Pods_InstagramTests.framework in Frameworks */ = {isa = PBXBuildFile; fileRef = 9704E031719AB459FAA78FC6 /* Pods_InstagramTests.framework */; };
		88C7B422F6C49525C482B151 /* Pods_Instagram.framework in Frameworks */ = {isa = PBXBuildFile; fileRef = D02DB7C5A838E42204006926 /* Pods_Instagram.framework */; };
		98596B9B24B1A751009C84CE /* AppDelegate.m in Sources */ = {isa = PBXBuildFile; fileRef = 98596B9A24B1A751009C84CE /* AppDelegate.m */; };
		98596BA424B1A751009C84CE /* Main.storyboard in Resources */ = {isa = PBXBuildFile; fileRef = 98596BA224B1A751009C84CE /* Main.storyboard */; };
		98596BA624B1A752009C84CE /* Assets.xcassets in Resources */ = {isa = PBXBuildFile; fileRef = 98596BA524B1A752009C84CE /* Assets.xcassets */; };
		98596BA924B1A752009C84CE /* LaunchScreen.storyboard in Resources */ = {isa = PBXBuildFile; fileRef = 98596BA724B1A752009C84CE /* LaunchScreen.storyboard */; };
		98596BAC24B1A752009C84CE /* main.m in Sources */ = {isa = PBXBuildFile; fileRef = 98596BAB24B1A752009C84CE /* main.m */; };
		98596BB624B1A752009C84CE /* InstagramTests.m in Sources */ = {isa = PBXBuildFile; fileRef = 98596BB524B1A752009C84CE /* InstagramTests.m */; };
		98596BC124B1A752009C84CE /* InstagramUITests.m in Sources */ = {isa = PBXBuildFile; fileRef = 98596BC024B1A752009C84CE /* InstagramUITests.m */; };
		98596BD024B1ADB9009C84CE /* LoginViewController.m in Sources */ = {isa = PBXBuildFile; fileRef = 98596BCF24B1ADB9009C84CE /* LoginViewController.m */; };
		98596BD524B1B108009C84CE /* Billabong.ttf in Resources */ = {isa = PBXBuildFile; fileRef = 98596BD424B1B0D3009C84CE /* Billabong.ttf */; };
		98596BD824B1BE8C009C84CE /* FeedViewController.m in Sources */ = {isa = PBXBuildFile; fileRef = 98596BD724B1BE8C009C84CE /* FeedViewController.m */; };
		986B144B24B62BEC0012F68D /* StoryCell.m in Sources */ = {isa = PBXBuildFile; fileRef = 986B144A24B62BEC0012F68D /* StoryCell.m */; };
		986B144E24B65D630012F68D /* ExploreViewController.m in Sources */ = {isa = PBXBuildFile; fileRef = 986B144D24B65D630012F68D /* ExploreViewController.m */; };
		986B145124B677780012F68D /* MentionsViewController.m in Sources */ = {isa = PBXBuildFile; fileRef = 986B145024B677780012F68D /* MentionsViewController.m */; };
		986B145424B678810012F68D /* MentionsCell.m in Sources */ = {isa = PBXBuildFile; fileRef = 986B145324B678810012F68D /* MentionsCell.m */; };
		986B145724B679BB0012F68D /* Mention.m in Sources */ = {isa = PBXBuildFile; fileRef = 986B145624B679BB0012F68D /* Mention.m */; };
		986B145A24B777D30012F68D /* MessagesViewController.m in Sources */ = {isa = PBXBuildFile; fileRef = 986B145924B777D30012F68D /* MessagesViewController.m */; };
		986B145D24B777F90012F68D /* MessageThreadViewController.m in Sources */ = {isa = PBXBuildFile; fileRef = 986B145C24B777F90012F68D /* MessageThreadViewController.m */; };
		986B146024B779420012F68D /* Message.m in Sources */ = {isa = PBXBuildFile; fileRef = 986B145F24B779420012F68D /* Message.m */; };
		986B146324B77B830012F68D /* MessageCell.m in Sources */ = {isa = PBXBuildFile; fileRef = 986B146224B77B830012F68D /* MessageCell.m */; };
		986B146624B77D820012F68D /* UserCell.m in Sources */ = {isa = PBXBuildFile; fileRef = 986B146524B77D820012F68D /* UserCell.m */; };
		9875138424B53B9300F95325 /* ProfileCell.m in Sources */ = {isa = PBXBuildFile; fileRef = 9875138324B53B9300F95325 /* ProfileCell.m */; };
		9875138A24B5403800F95325 /* StoriesViewController.m in Sources */ = {isa = PBXBuildFile; fileRef = 9875138924B5403800F95325 /* StoriesViewController.m */; };
		9875138D24B5415500F95325 /* StoryViewController.m in Sources */ = {isa = PBXBuildFile; fileRef = 9875138C24B5415500F95325 /* StoryViewController.m */; };
		9888FBA624B39475005A9D86 /* PostCell.m in Sources */ = {isa = PBXBuildFile; fileRef = 9888FBA524B39475005A9D86 /* PostCell.m */; };
		98A8428C24B22D9C007F87F1 /* ComposeViewController.m in Sources */ = {isa = PBXBuildFile; fileRef = 98A8428B24B22D9C007F87F1 /* ComposeViewController.m */; };
		98A8429224B24B65007F87F1 /* EditViewController.m in Sources */ = {isa = PBXBuildFile; fileRef = 98A8429124B24B65007F87F1 /* EditViewController.m */; };
		98A8429524B25B95007F87F1 /* FinalComposeViewController.m in Sources */ = {isa = PBXBuildFile; fileRef = 98A8429424B25B95007F87F1 /* FinalComposeViewController.m */; };
		98A8429824B25CCD007F87F1 /* Post.m in Sources */ = {isa = PBXBuildFile; fileRef = 98A8429724B25CCD007F87F1 /* Post.m */; };
		98E9950324B3CA720026BCD0 /* HeaderView.m in Sources */ = {isa = PBXBuildFile; fileRef = 98E9950224B3CA720026BCD0 /* HeaderView.m */; };
		98E9950524B3CA820026BCD0 /* HeaderView.xib in Resources */ = {isa = PBXBuildFile; fileRef = 98E9950424B3CA820026BCD0 /* HeaderView.xib */; };
		98E9950B24B3D1130026BCD0 /* Comment.m in Sources */ = {isa = PBXBuildFile; fileRef = 98E9950A24B3D1130026BCD0 /* Comment.m */; };
		98E9950E24B3DD480026BCD0 /* ProfileViewController.m in Sources */ = {isa = PBXBuildFile; fileRef = 98E9950D24B3DD480026BCD0 /* ProfileViewController.m */; };
		98E9951424B3E0750026BCD0 /* User.m in Sources */ = {isa = PBXBuildFile; fileRef = 98E9951324B3E0750026BCD0 /* User.m */; };
		98E9951724B4DF4E0026BCD0 /* CommentsViewController.m in Sources */ = {isa = PBXBuildFile; fileRef = 98E9951624B4DF4E0026BCD0 /* CommentsViewController.m */; };
		98E9951A24B4E36A0026BCD0 /* CommentCell.m in Sources */ = {isa = PBXBuildFile; fileRef = 98E9951924B4E36A0026BCD0 /* CommentCell.m */; };
		98E9952124B527F80026BCD0 /* UserViewController.m in Sources */ = {isa = PBXBuildFile; fileRef = 98E9952024B527F80026BCD0 /* UserViewController.m */; };
		B1BAEB43FFAA8DF70570F00E /* Pods_Instagram_InstagramUITests.framework in Frameworks */ = {isa = PBXBuildFile; fileRef = 4902B56BFF2FB122889E31AD /* Pods_Instagram_InstagramUITests.framework */; };
/* End PBXBuildFile section */

/* Begin PBXContainerItemProxy section */
		98596BB224B1A752009C84CE /* PBXContainerItemProxy */ = {
			isa = PBXContainerItemProxy;
			containerPortal = 98596B8E24B1A751009C84CE /* Project object */;
			proxyType = 1;
			remoteGlobalIDString = 98596B9524B1A751009C84CE;
			remoteInfo = Instagram;
		};
		98596BBD24B1A752009C84CE /* PBXContainerItemProxy */ = {
			isa = PBXContainerItemProxy;
			containerPortal = 98596B8E24B1A751009C84CE /* Project object */;
			proxyType = 1;
			remoteGlobalIDString = 98596B9524B1A751009C84CE;
			remoteInfo = Instagram;
		};
/* End PBXContainerItemProxy section */

/* Begin PBXFileReference section */
		42752E89A5FCB6D6B2BF20EF /* Pods-Instagram.release.xcconfig */ = {isa = PBXFileReference; includeInIndex = 1; lastKnownFileType = text.xcconfig; name = "Pods-Instagram.release.xcconfig"; path = "Target Support Files/Pods-Instagram/Pods-Instagram.release.xcconfig"; sourceTree = "<group>"; };
		4902B56BFF2FB122889E31AD /* Pods_Instagram_InstagramUITests.framework */ = {isa = PBXFileReference; explicitFileType = wrapper.framework; includeInIndex = 0; path = Pods_Instagram_InstagramUITests.framework; sourceTree = BUILT_PRODUCTS_DIR; };
		7BE5237F5F868B3A71BDFA33 /* Pods-InstagramTests.debug.xcconfig */ = {isa = PBXFileReference; includeInIndex = 1; lastKnownFileType = text.xcconfig; name = "Pods-InstagramTests.debug.xcconfig"; path = "Target Support Files/Pods-InstagramTests/Pods-InstagramTests.debug.xcconfig"; sourceTree = "<group>"; };
		87C3930014F8B72413F2A554 /* Pods-Instagram-InstagramUITests.debug.xcconfig */ = {isa = PBXFileReference; includeInIndex = 1; lastKnownFileType = text.xcconfig; name = "Pods-Instagram-InstagramUITests.debug.xcconfig"; path = "Target Support Files/Pods-Instagram-InstagramUITests/Pods-Instagram-InstagramUITests.debug.xcconfig"; sourceTree = "<group>"; };
		8E23E0B5B7D2CD22DB4A8653 /* Pods-Instagram.debug.xcconfig */ = {isa = PBXFileReference; includeInIndex = 1; lastKnownFileType = text.xcconfig; name = "Pods-Instagram.debug.xcconfig"; path = "Target Support Files/Pods-Instagram/Pods-Instagram.debug.xcconfig"; sourceTree = "<group>"; };
		9704E031719AB459FAA78FC6 /* Pods_InstagramTests.framework */ = {isa = PBXFileReference; explicitFileType = wrapper.framework; includeInIndex = 0; path = Pods_InstagramTests.framework; sourceTree = BUILT_PRODUCTS_DIR; };
		98596B9624B1A751009C84CE /* Instagram.app */ = {isa = PBXFileReference; explicitFileType = wrapper.application; includeInIndex = 0; path = Instagram.app; sourceTree = BUILT_PRODUCTS_DIR; };
		98596B9924B1A751009C84CE /* AppDelegate.h */ = {isa = PBXFileReference; lastKnownFileType = sourcecode.c.h; path = AppDelegate.h; sourceTree = "<group>"; };
		98596B9A24B1A751009C84CE /* AppDelegate.m */ = {isa = PBXFileReference; lastKnownFileType = sourcecode.c.objc; path = AppDelegate.m; sourceTree = "<group>"; };
		98596BA324B1A751009C84CE /* Base */ = {isa = PBXFileReference; lastKnownFileType = file.storyboard; name = Base; path = Base.lproj/Main.storyboard; sourceTree = "<group>"; };
		98596BA524B1A752009C84CE /* Assets.xcassets */ = {isa = PBXFileReference; lastKnownFileType = folder.assetcatalog; path = Assets.xcassets; sourceTree = "<group>"; };
		98596BA824B1A752009C84CE /* Base */ = {isa = PBXFileReference; lastKnownFileType = file.storyboard; name = Base; path = Base.lproj/LaunchScreen.storyboard; sourceTree = "<group>"; };
		98596BAA24B1A752009C84CE /* Info.plist */ = {isa = PBXFileReference; lastKnownFileType = text.plist.xml; path = Info.plist; sourceTree = "<group>"; };
		98596BAB24B1A752009C84CE /* main.m */ = {isa = PBXFileReference; lastKnownFileType = sourcecode.c.objc; path = main.m; sourceTree = "<group>"; };
		98596BB124B1A752009C84CE /* InstagramTests.xctest */ = {isa = PBXFileReference; explicitFileType = wrapper.cfbundle; includeInIndex = 0; path = InstagramTests.xctest; sourceTree = BUILT_PRODUCTS_DIR; };
		98596BB524B1A752009C84CE /* InstagramTests.m */ = {isa = PBXFileReference; lastKnownFileType = sourcecode.c.objc; path = InstagramTests.m; sourceTree = "<group>"; };
		98596BB724B1A752009C84CE /* Info.plist */ = {isa = PBXFileReference; lastKnownFileType = text.plist.xml; path = Info.plist; sourceTree = "<group>"; };
		98596BBC24B1A752009C84CE /* InstagramUITests.xctest */ = {isa = PBXFileReference; explicitFileType = wrapper.cfbundle; includeInIndex = 0; path = InstagramUITests.xctest; sourceTree = BUILT_PRODUCTS_DIR; };
		98596BC024B1A752009C84CE /* InstagramUITests.m */ = {isa = PBXFileReference; lastKnownFileType = sourcecode.c.objc; path = InstagramUITests.m; sourceTree = "<group>"; };
		98596BC224B1A752009C84CE /* Info.plist */ = {isa = PBXFileReference; lastKnownFileType = text.plist.xml; path = Info.plist; sourceTree = "<group>"; };
		98596BCE24B1ADB9009C84CE /* LoginViewController.h */ = {isa = PBXFileReference; lastKnownFileType = sourcecode.c.h; path = LoginViewController.h; sourceTree = "<group>"; };
		98596BCF24B1ADB9009C84CE /* LoginViewController.m */ = {isa = PBXFileReference; lastKnownFileType = sourcecode.c.objc; path = LoginViewController.m; sourceTree = "<group>"; };
		98596BD424B1B0D3009C84CE /* Billabong.ttf */ = {isa = PBXFileReference; lastKnownFileType = file; path = Billabong.ttf; sourceTree = "<group>"; };
		98596BD624B1BE8C009C84CE /* FeedViewController.h */ = {isa = PBXFileReference; lastKnownFileType = sourcecode.c.h; path = FeedViewController.h; sourceTree = "<group>"; };
		98596BD724B1BE8C009C84CE /* FeedViewController.m */ = {isa = PBXFileReference; lastKnownFileType = sourcecode.c.objc; path = FeedViewController.m; sourceTree = "<group>"; };
		986B144924B62BEC0012F68D /* StoryCell.h */ = {isa = PBXFileReference; lastKnownFileType = sourcecode.c.h; path = StoryCell.h; sourceTree = "<group>"; };
		986B144A24B62BEC0012F68D /* StoryCell.m */ = {isa = PBXFileReference; lastKnownFileType = sourcecode.c.objc; path = StoryCell.m; sourceTree = "<group>"; };
		986B144C24B65D630012F68D /* ExploreViewController.h */ = {isa = PBXFileReference; lastKnownFileType = sourcecode.c.h; path = ExploreViewController.h; sourceTree = "<group>"; };
		986B144D24B65D630012F68D /* ExploreViewController.m */ = {isa = PBXFileReference; lastKnownFileType = sourcecode.c.objc; path = ExploreViewController.m; sourceTree = "<group>"; };
		986B144F24B677780012F68D /* MentionsViewController.h */ = {isa = PBXFileReference; lastKnownFileType = sourcecode.c.h; path = MentionsViewController.h; sourceTree = "<group>"; };
		986B145024B677780012F68D /* MentionsViewController.m */ = {isa = PBXFileReference; lastKnownFileType = sourcecode.c.objc; path = MentionsViewController.m; sourceTree = "<group>"; };
		986B145224B678810012F68D /* MentionsCell.h */ = {isa = PBXFileReference; lastKnownFileType = sourcecode.c.h; path = MentionsCell.h; sourceTree = "<group>"; };
		986B145324B678810012F68D /* MentionsCell.m */ = {isa = PBXFileReference; lastKnownFileType = sourcecode.c.objc; path = MentionsCell.m; sourceTree = "<group>"; };
		986B145524B679BB0012F68D /* Mention.h */ = {isa = PBXFileReference; lastKnownFileType = sourcecode.c.h; path = Mention.h; sourceTree = "<group>"; };
		986B145624B679BB0012F68D /* Mention.m */ = {isa = PBXFileReference; lastKnownFileType = sourcecode.c.objc; path = Mention.m; sourceTree = "<group>"; };
		986B145824B777D30012F68D /* MessagesViewController.h */ = {isa = PBXFileReference; lastKnownFileType = sourcecode.c.h; path = MessagesViewController.h; sourceTree = "<group>"; };
		986B145924B777D30012F68D /* MessagesViewController.m */ = {isa = PBXFileReference; lastKnownFileType = sourcecode.c.objc; path = MessagesViewController.m; sourceTree = "<group>"; };
		986B145B24B777F90012F68D /* MessageThreadViewController.h */ = {isa = PBXFileReference; lastKnownFileType = sourcecode.c.h; path = MessageThreadViewController.h; sourceTree = "<group>"; };
		986B145C24B777F90012F68D /* MessageThreadViewController.m */ = {isa = PBXFileReference; lastKnownFileType = sourcecode.c.objc; path = MessageThreadViewController.m; sourceTree = "<group>"; };
		986B145E24B779420012F68D /* Message.h */ = {isa = PBXFileReference; lastKnownFileType = sourcecode.c.h; path = Message.h; sourceTree = "<group>"; };
		986B145F24B779420012F68D /* Message.m */ = {isa = PBXFileReference; lastKnownFileType = sourcecode.c.objc; path = Message.m; sourceTree = "<group>"; };
		986B146124B77B830012F68D /* MessageCell.h */ = {isa = PBXFileReference; lastKnownFileType = sourcecode.c.h; path = MessageCell.h; sourceTree = "<group>"; };
		986B146224B77B830012F68D /* MessageCell.m */ = {isa = PBXFileReference; lastKnownFileType = sourcecode.c.objc; path = MessageCell.m; sourceTree = "<group>"; };
		986B146424B77D820012F68D /* UserCell.h */ = {isa = PBXFileReference; lastKnownFileType = sourcecode.c.h; path = UserCell.h; sourceTree = "<group>"; };
		986B146524B77D820012F68D /* UserCell.m */ = {isa = PBXFileReference; lastKnownFileType = sourcecode.c.objc; path = UserCell.m; sourceTree = "<group>"; };
		986B147124B7C0F20012F68D /* Stories.h */ = {isa = PBXFileReference; lastKnownFileType = sourcecode.c.h; path = Stories.h; sourceTree = "<group>"; };
		986B147224B7C0F30012F68D /* Stories.m */ = {isa = PBXFileReference; lastKnownFileType = sourcecode.c.objc; path = Stories.m; sourceTree = "<group>"; };
		9875138324B53B9300F95325 /* ProfileCell.m */ = {isa = PBXFileReference; lastKnownFileType = sourcecode.c.objc; path = ProfileCell.m; sourceTree = "<group>"; };
		9875138824B5403800F95325 /* StoriesViewController.h */ = {isa = PBXFileReference; lastKnownFileType = sourcecode.c.h; path = StoriesViewController.h; sourceTree = "<group>"; };
		9875138924B5403800F95325 /* StoriesViewController.m */ = {isa = PBXFileReference; lastKnownFileType = sourcecode.c.objc; path = StoriesViewController.m; sourceTree = "<group>"; };
		9875138B24B5415500F95325 /* StoryViewController.h */ = {isa = PBXFileReference; lastKnownFileType = sourcecode.c.h; path = StoryViewController.h; sourceTree = "<group>"; };
		9875138C24B5415500F95325 /* StoryViewController.m */ = {isa = PBXFileReference; lastKnownFileType = sourcecode.c.objc; path = StoryViewController.m; sourceTree = "<group>"; };
		9888FBA424B39475005A9D86 /* PostCell.h */ = {isa = PBXFileReference; lastKnownFileType = sourcecode.c.h; path = PostCell.h; sourceTree = "<group>"; };
		9888FBA524B39475005A9D86 /* PostCell.m */ = {isa = PBXFileReference; lastKnownFileType = sourcecode.c.objc; path = PostCell.m; sourceTree = "<group>"; };
		98A8428A24B22D9C007F87F1 /* ComposeViewController.h */ = {isa = PBXFileReference; lastKnownFileType = sourcecode.c.h; path = ComposeViewController.h; sourceTree = "<group>"; };
		98A8428B24B22D9C007F87F1 /* ComposeViewController.m */ = {isa = PBXFileReference; lastKnownFileType = sourcecode.c.objc; path = ComposeViewController.m; sourceTree = "<group>"; };
		98A8429024B24B65007F87F1 /* EditViewController.h */ = {isa = PBXFileReference; lastKnownFileType = sourcecode.c.h; path = EditViewController.h; sourceTree = "<group>"; };
		98A8429124B24B65007F87F1 /* EditViewController.m */ = {isa = PBXFileReference; lastKnownFileType = sourcecode.c.objc; path = EditViewController.m; sourceTree = "<group>"; };
		98A8429324B25B95007F87F1 /* FinalComposeViewController.h */ = {isa = PBXFileReference; lastKnownFileType = sourcecode.c.h; path = FinalComposeViewController.h; sourceTree = "<group>"; };
		98A8429424B25B95007F87F1 /* FinalComposeViewController.m */ = {isa = PBXFileReference; lastKnownFileType = sourcecode.c.objc; path = FinalComposeViewController.m; sourceTree = "<group>"; };
		98A8429624B25CCD007F87F1 /* Post.h */ = {isa = PBXFileReference; lastKnownFileType = sourcecode.c.h; path = Post.h; sourceTree = "<group>"; };
		98A8429724B25CCD007F87F1 /* Post.m */ = {isa = PBXFileReference; lastKnownFileType = sourcecode.c.objc; path = Post.m; sourceTree = "<group>"; };
		98E9950124B3CA720026BCD0 /* HeaderView.h */ = {isa = PBXFileReference; lastKnownFileType = sourcecode.c.h; path = HeaderView.h; sourceTree = "<group>"; };
		98E9950224B3CA720026BCD0 /* HeaderView.m */ = {isa = PBXFileReference; lastKnownFileType = sourcecode.c.objc; path = HeaderView.m; sourceTree = "<group>"; };
		98E9950424B3CA820026BCD0 /* HeaderView.xib */ = {isa = PBXFileReference; lastKnownFileType = file.xib; path = HeaderView.xib; sourceTree = "<group>"; };
		98E9950924B3D1130026BCD0 /* Comment.h */ = {isa = PBXFileReference; lastKnownFileType = sourcecode.c.h; path = Comment.h; sourceTree = "<group>"; };
		98E9950A24B3D1130026BCD0 /* Comment.m */ = {isa = PBXFileReference; lastKnownFileType = sourcecode.c.objc; path = Comment.m; sourceTree = "<group>"; };
		98E9950C24B3DD480026BCD0 /* ProfileViewController.h */ = {isa = PBXFileReference; lastKnownFileType = sourcecode.c.h; path = ProfileViewController.h; sourceTree = "<group>"; };
		98E9950D24B3DD480026BCD0 /* ProfileViewController.m */ = {isa = PBXFileReference; lastKnownFileType = sourcecode.c.objc; path = ProfileViewController.m; sourceTree = "<group>"; };
		98E9951224B3E0750026BCD0 /* User.h */ = {isa = PBXFileReference; lastKnownFileType = sourcecode.c.h; path = User.h; sourceTree = "<group>"; };
		98E9951324B3E0750026BCD0 /* User.m */ = {isa = PBXFileReference; lastKnownFileType = sourcecode.c.objc; path = User.m; sourceTree = "<group>"; };
		98E9951524B4DF4E0026BCD0 /* CommentsViewController.h */ = {isa = PBXFileReference; lastKnownFileType = sourcecode.c.h; path = CommentsViewController.h; sourceTree = "<group>"; };
		98E9951624B4DF4E0026BCD0 /* CommentsViewController.m */ = {isa = PBXFileReference; lastKnownFileType = sourcecode.c.objc; path = CommentsViewController.m; sourceTree = "<group>"; };
		98E9951824B4E36A0026BCD0 /* CommentCell.h */ = {isa = PBXFileReference; lastKnownFileType = sourcecode.c.h; path = CommentCell.h; sourceTree = "<group>"; };
		98E9951924B4E36A0026BCD0 /* CommentCell.m */ = {isa = PBXFileReference; lastKnownFileType = sourcecode.c.objc; path = CommentCell.m; sourceTree = "<group>"; };
		98E9951B24B4FD470026BCD0 /* ProfileCell.h */ = {isa = PBXFileReference; lastKnownFileType = sourcecode.c.h; path = ProfileCell.h; sourceTree = "<group>"; };
		98E9951F24B527F80026BCD0 /* UserViewController.h */ = {isa = PBXFileReference; lastKnownFileType = sourcecode.c.h; path = UserViewController.h; sourceTree = "<group>"; };
		98E9952024B527F80026BCD0 /* UserViewController.m */ = {isa = PBXFileReference; lastKnownFileType = sourcecode.c.objc; path = UserViewController.m; sourceTree = "<group>"; };
		9DAD3BC6DFF2187B549CDF95 /* Pods-InstagramTests.release.xcconfig */ = {isa = PBXFileReference; includeInIndex = 1; lastKnownFileType = text.xcconfig; name = "Pods-InstagramTests.release.xcconfig"; path = "Target Support Files/Pods-InstagramTests/Pods-InstagramTests.release.xcconfig"; sourceTree = "<group>"; };
		D02DB7C5A838E42204006926 /* Pods_Instagram.framework */ = {isa = PBXFileReference; explicitFileType = wrapper.framework; includeInIndex = 0; path = Pods_Instagram.framework; sourceTree = BUILT_PRODUCTS_DIR; };
		DE96FB1EB5AACEAE4222DEDC /* Pods-Instagram-InstagramUITests.release.xcconfig */ = {isa = PBXFileReference; includeInIndex = 1; lastKnownFileType = text.xcconfig; name = "Pods-Instagram-InstagramUITests.release.xcconfig"; path = "Target Support Files/Pods-Instagram-InstagramUITests/Pods-Instagram-InstagramUITests.release.xcconfig"; sourceTree = "<group>"; };
/* End PBXFileReference section */

/* Begin PBXFrameworksBuildPhase section */
		98596B9324B1A751009C84CE /* Frameworks */ = {
			isa = PBXFrameworksBuildPhase;
			buildActionMask = 2147483647;
			files = (
				88C7B422F6C49525C482B151 /* Pods_Instagram.framework in Frameworks */,
			);
			runOnlyForDeploymentPostprocessing = 0;
		};
		98596BAE24B1A752009C84CE /* Frameworks */ = {
			isa = PBXFrameworksBuildPhase;
			buildActionMask = 2147483647;
			files = (
				63D6BE2CE955FE7735BF8028 /* Pods_InstagramTests.framework in Frameworks */,
			);
			runOnlyForDeploymentPostprocessing = 0;
		};
		98596BB924B1A752009C84CE /* Frameworks */ = {
			isa = PBXFrameworksBuildPhase;
			buildActionMask = 2147483647;
			files = (
				B1BAEB43FFAA8DF70570F00E /* Pods_Instagram_InstagramUITests.framework in Frameworks */,
			);
			runOnlyForDeploymentPostprocessing = 0;
		};
/* End PBXFrameworksBuildPhase section */

/* Begin PBXGroup section */
		07A5B3569E27F24529A090C5 /* Pods */ = {
			isa = PBXGroup;
			children = (
				8E23E0B5B7D2CD22DB4A8653 /* Pods-Instagram.debug.xcconfig */,
				42752E89A5FCB6D6B2BF20EF /* Pods-Instagram.release.xcconfig */,
				87C3930014F8B72413F2A554 /* Pods-Instagram-InstagramUITests.debug.xcconfig */,
				DE96FB1EB5AACEAE4222DEDC /* Pods-Instagram-InstagramUITests.release.xcconfig */,
				7BE5237F5F868B3A71BDFA33 /* Pods-InstagramTests.debug.xcconfig */,
				9DAD3BC6DFF2187B549CDF95 /* Pods-InstagramTests.release.xcconfig */,
			);
			path = Pods;
			sourceTree = "<group>";
		};
		98596B8D24B1A751009C84CE = {
			isa = PBXGroup;
			children = (
				98596B9824B1A751009C84CE /* Instagram */,
				98596BB424B1A752009C84CE /* InstagramTests */,
				98596BBF24B1A752009C84CE /* InstagramUITests */,
				98596B9724B1A751009C84CE /* Products */,
				07A5B3569E27F24529A090C5 /* Pods */,
				F2EB4FF89F9DE507714DF187 /* Frameworks */,
			);
			sourceTree = "<group>";
		};
		98596B9724B1A751009C84CE /* Products */ = {
			isa = PBXGroup;
			children = (
				98596B9624B1A751009C84CE /* Instagram.app */,
				98596BB124B1A752009C84CE /* InstagramTests.xctest */,
				98596BBC24B1A752009C84CE /* InstagramUITests.xctest */,
			);
			name = Products;
			sourceTree = "<group>";
		};
		98596B9824B1A751009C84CE /* Instagram */ = {
			isa = PBXGroup;
			children = (
				98A8428924B22D85007F87F1 /* View Controllers */,
				98596BD324B1B0CE009C84CE /* fonts */,
				98596B9924B1A751009C84CE /* AppDelegate.h */,
				98596B9A24B1A751009C84CE /* AppDelegate.m */,
				98596BA224B1A751009C84CE /* Main.storyboard */,
				98596BA524B1A752009C84CE /* Assets.xcassets */,
				98596BA724B1A752009C84CE /* LaunchScreen.storyboard */,
				98596BAA24B1A752009C84CE /* Info.plist */,
				98596BAB24B1A752009C84CE /* main.m */,
			);
			path = Instagram;
			sourceTree = "<group>";
		};
		98596BB424B1A752009C84CE /* InstagramTests */ = {
			isa = PBXGroup;
			children = (
				98596BB524B1A752009C84CE /* InstagramTests.m */,
				98596BB724B1A752009C84CE /* Info.plist */,
			);
			path = InstagramTests;
			sourceTree = "<group>";
		};
		98596BBF24B1A752009C84CE /* InstagramUITests */ = {
			isa = PBXGroup;
			children = (
				98596BC024B1A752009C84CE /* InstagramUITests.m */,
				98596BC224B1A752009C84CE /* Info.plist */,
			);
			path = InstagramUITests;
			sourceTree = "<group>";
		};
		98596BD324B1B0CE009C84CE /* fonts */ = {
			isa = PBXGroup;
			children = (
				98596BD424B1B0D3009C84CE /* Billabong.ttf */,
			);
			path = fonts;
			sourceTree = "<group>";
		};
		986B146924B7C00F0012F68D /* CameraViewControllers */ = {
			isa = PBXGroup;
			children = (
				98A8428A24B22D9C007F87F1 /* ComposeViewController.h */,
				98A8428B24B22D9C007F87F1 /* ComposeViewController.m */,
				98A8429024B24B65007F87F1 /* EditViewController.h */,
				98A8429124B24B65007F87F1 /* EditViewController.m */,
				98A8429324B25B95007F87F1 /* FinalComposeViewController.h */,
				98A8429424B25B95007F87F1 /* FinalComposeViewController.m */,
			);
			path = CameraViewControllers;
			sourceTree = "<group>";
		};
		986B146A24B7C02F0012F68D /* StoriesViewControllers */ = {
			isa = PBXGroup;
			children = (
				986B147024B7C0DB0012F68D /* Views */,
				986B146F24B7C0D40012F68D /* Models */,
				9875138824B5403800F95325 /* StoriesViewController.h */,
				9875138924B5403800F95325 /* StoriesViewController.m */,
				9875138B24B5415500F95325 /* StoryViewController.h */,
				9875138C24B5415500F95325 /* StoryViewController.m */,
			);
			path = StoriesViewControllers;
			sourceTree = "<group>";
		};
		986B146B24B7C0520012F68D /* UserProfileViewControllers */ = {
			isa = PBXGroup;
			children = (
				986B147A24B7C1BA0012F68D /* Views */,
				986B147924B7C1B50012F68D /* Models */,
				98E9950C24B3DD480026BCD0 /* ProfileViewController.h */,
				98E9950D24B3DD480026BCD0 /* ProfileViewController.m */,
				98E9951F24B527F80026BCD0 /* UserViewController.h */,
				98E9952024B527F80026BCD0 /* UserViewController.m */,
			);
			path = UserProfileViewControllers;
			sourceTree = "<group>";
		};
		986B146C24B7C0940012F68D /* FeedViewControllers */ = {
			isa = PBXGroup;
			children = (
				986B147824B7C15E0012F68D /* Models */,
				986B147724B7C1590012F68D /* Views */,
				98596BD624B1BE8C009C84CE /* FeedViewController.h */,
				98596BD724B1BE8C009C84CE /* FeedViewController.m */,
				98E9951524B4DF4E0026BCD0 /* CommentsViewController.h */,
				98E9951624B4DF4E0026BCD0 /* CommentsViewController.m */,
			);
			path = FeedViewControllers;
			sourceTree = "<group>";
		};
		986B146D24B7C0AA0012F68D /* MessagesViewControllers */ = {
			isa = PBXGroup;
			children = (
				986B147624B7C13D0012F68D /* Views */,
				986B147524B7C1380012F68D /* Models */,
				986B145824B777D30012F68D /* MessagesViewController.h */,
				986B145924B777D30012F68D /* MessagesViewController.m */,
				986B145B24B777F90012F68D /* MessageThreadViewController.h */,
				986B145C24B777F90012F68D /* MessageThreadViewController.m */,
			);
			path = MessagesViewControllers;
			sourceTree = "<group>";
		};
		986B146E24B7C0BC0012F68D /* AdditionalViewControllers */ = {
			isa = PBXGroup;
			children = (
				986B147424B7C10E0012F68D /* Models */,
				986B147324B7C1010012F68D /* Views */,
				986B144C24B65D630012F68D /* ExploreViewController.h */,
				986B144D24B65D630012F68D /* ExploreViewController.m */,
				986B144F24B677780012F68D /* MentionsViewController.h */,
				986B145024B677780012F68D /* MentionsViewController.m */,
			);
			path = AdditionalViewControllers;
			sourceTree = "<group>";
		};
		986B146F24B7C0D40012F68D /* Models */ = {
			isa = PBXGroup;
			children = (
				986B147124B7C0F20012F68D /* Stories.h */,
				986B147224B7C0F30012F68D /* Stories.m */,
			);
			path = Models;
			sourceTree = "<group>";
		};
		986B147024B7C0DB0012F68D /* Views */ = {
			isa = PBXGroup;
			children = (
				986B144924B62BEC0012F68D /* StoryCell.h */,
				986B144A24B62BEC0012F68D /* StoryCell.m */,
			);
			path = Views;
			sourceTree = "<group>";
		};
		986B147324B7C1010012F68D /* Views */ = {
			isa = PBXGroup;
			children = (
				986B145224B678810012F68D /* MentionsCell.h */,
				986B145324B678810012F68D /* MentionsCell.m */,
			);
			path = Views;
			sourceTree = "<group>";
		};
		986B147424B7C10E0012F68D /* Models */ = {
			isa = PBXGroup;
			children = (
				986B145524B679BB0012F68D /* Mention.h */,
				986B145624B679BB0012F68D /* Mention.m */,
			);
			path = Models;
			sourceTree = "<group>";
		};
		986B147524B7C1380012F68D /* Models */ = {
			isa = PBXGroup;
			children = (
				986B145E24B779420012F68D /* Message.h */,
				986B145F24B779420012F68D /* Message.m */,
			);
			path = Models;
			sourceTree = "<group>";
		};
		986B147624B7C13D0012F68D /* Views */ = {
			isa = PBXGroup;
			children = (
				986B146124B77B830012F68D /* MessageCell.h */,
				986B146224B77B830012F68D /* MessageCell.m */,
			);
			path = Views;
			sourceTree = "<group>";
		};
		986B147724B7C1590012F68D /* Views */ = {
			isa = PBXGroup;
			children = (
				9888FBA424B39475005A9D86 /* PostCell.h */,
				9888FBA524B39475005A9D86 /* PostCell.m */,
				98E9950124B3CA720026BCD0 /* HeaderView.h */,
				98E9950224B3CA720026BCD0 /* HeaderView.m */,
				98E9950424B3CA820026BCD0 /* HeaderView.xib */,
				98E9951824B4E36A0026BCD0 /* CommentCell.h */,
				98E9951924B4E36A0026BCD0 /* CommentCell.m */,
			);
			path = Views;
			sourceTree = "<group>";
		};
		986B147824B7C15E0012F68D /* Models */ = {
			isa = PBXGroup;
			children = (
				98A8429624B25CCD007F87F1 /* Post.h */,
				98A8429724B25CCD007F87F1 /* Post.m */,
				98E9950924B3D1130026BCD0 /* Comment.h */,
				98E9950A24B3D1130026BCD0 /* Comment.m */,
			);
			path = Models;
			sourceTree = "<group>";
		};
		986B147924B7C1B50012F68D /* Models */ = {
			isa = PBXGroup;
			children = (
				98E9951224B3E0750026BCD0 /* User.h */,
				98E9951324B3E0750026BCD0 /* User.m */,
			);
			path = Models;
			sourceTree = "<group>";
		};
		986B147A24B7C1BA0012F68D /* Views */ = {
			isa = PBXGroup;
			children = (
				98E9951B24B4FD470026BCD0 /* ProfileCell.h */,
				9875138324B53B9300F95325 /* ProfileCell.m */,
				986B146524B77D820012F68D /* UserCell.m */,
				986B146424B77D820012F68D /* UserCell.h */,
			);
			path = Views;
			sourceTree = "<group>";
		};
		98A8428924B22D85007F87F1 /* View Controllers */ = {
			isa = PBXGroup;
			children = (
				986B146E24B7C0BC0012F68D /* AdditionalViewControllers */,
				986B146D24B7C0AA0012F68D /* MessagesViewControllers */,
				986B146C24B7C0940012F68D /* FeedViewControllers */,
				986B146B24B7C0520012F68D /* UserProfileViewControllers */,
				986B146A24B7C02F0012F68D /* StoriesViewControllers */,
				986B146924B7C00F0012F68D /* CameraViewControllers */,
				98596BCE24B1ADB9009C84CE /* LoginViewController.h */,
				98596BCF24B1ADB9009C84CE /* LoginViewController.m */,
			);
			path = "View Controllers";
			sourceTree = "<group>";
		};
		F2EB4FF89F9DE507714DF187 /* Frameworks */ = {
			isa = PBXGroup;
			children = (
				D02DB7C5A838E42204006926 /* Pods_Instagram.framework */,
				4902B56BFF2FB122889E31AD /* Pods_Instagram_InstagramUITests.framework */,
				9704E031719AB459FAA78FC6 /* Pods_InstagramTests.framework */,
			);
			name = Frameworks;
			sourceTree = "<group>";
		};
/* End PBXGroup section */

/* Begin PBXNativeTarget section */
		98596B9524B1A751009C84CE /* Instagram */ = {
			isa = PBXNativeTarget;
			buildConfigurationList = 98596BC524B1A752009C84CE /* Build configuration list for PBXNativeTarget "Instagram" */;
			buildPhases = (
				005D9E474B016D0ED8517606 /* [CP] Check Pods Manifest.lock */,
				98596B9224B1A751009C84CE /* Sources */,
				98596B9324B1A751009C84CE /* Frameworks */,
				98596B9424B1A751009C84CE /* Resources */,
				E628C87B57732EE027013109 /* [CP] Embed Pods Frameworks */,
			);
			buildRules = (
			);
			dependencies = (
			);
			name = Instagram;
			productName = Instagram;
			productReference = 98596B9624B1A751009C84CE /* Instagram.app */;
			productType = "com.apple.product-type.application";
		};
		98596BB024B1A752009C84CE /* InstagramTests */ = {
			isa = PBXNativeTarget;
			buildConfigurationList = 98596BC824B1A752009C84CE /* Build configuration list for PBXNativeTarget "InstagramTests" */;
			buildPhases = (
				0405D7BCF4E30662A73E63E9 /* [CP] Check Pods Manifest.lock */,
				98596BAD24B1A752009C84CE /* Sources */,
				98596BAE24B1A752009C84CE /* Frameworks */,
				98596BAF24B1A752009C84CE /* Resources */,
			);
			buildRules = (
			);
			dependencies = (
				98596BB324B1A752009C84CE /* PBXTargetDependency */,
			);
			name = InstagramTests;
			productName = InstagramTests;
			productReference = 98596BB124B1A752009C84CE /* InstagramTests.xctest */;
			productType = "com.apple.product-type.bundle.unit-test";
		};
		98596BBB24B1A752009C84CE /* InstagramUITests */ = {
			isa = PBXNativeTarget;
			buildConfigurationList = 98596BCB24B1A752009C84CE /* Build configuration list for PBXNativeTarget "InstagramUITests" */;
			buildPhases = (
				40C11D33751F2F0196818E94 /* [CP] Check Pods Manifest.lock */,
				98596BB824B1A752009C84CE /* Sources */,
				98596BB924B1A752009C84CE /* Frameworks */,
				98596BBA24B1A752009C84CE /* Resources */,
				298C0E9D0D964D8074EEE7DF /* [CP] Embed Pods Frameworks */,
			);
			buildRules = (
			);
			dependencies = (
				98596BBE24B1A752009C84CE /* PBXTargetDependency */,
			);
			name = InstagramUITests;
			productName = InstagramUITests;
			productReference = 98596BBC24B1A752009C84CE /* InstagramUITests.xctest */;
			productType = "com.apple.product-type.bundle.ui-testing";
		};
/* End PBXNativeTarget section */

/* Begin PBXProject section */
		98596B8E24B1A751009C84CE /* Project object */ = {
			isa = PBXProject;
			attributes = {
				LastUpgradeCheck = 1150;
				ORGANIZATIONNAME = "Xurxo Riesco";
				TargetAttributes = {
					98596B9524B1A751009C84CE = {
						CreatedOnToolsVersion = 11.5;
					};
					98596BB024B1A752009C84CE = {
						CreatedOnToolsVersion = 11.5;
						TestTargetID = 98596B9524B1A751009C84CE;
					};
					98596BBB24B1A752009C84CE = {
						CreatedOnToolsVersion = 11.5;
						TestTargetID = 98596B9524B1A751009C84CE;
					};
				};
			};
			buildConfigurationList = 98596B9124B1A751009C84CE /* Build configuration list for PBXProject "Instagram" */;
			compatibilityVersion = "Xcode 9.3";
			developmentRegion = en;
			hasScannedForEncodings = 0;
			knownRegions = (
				en,
				Base,
			);
			mainGroup = 98596B8D24B1A751009C84CE;
			productRefGroup = 98596B9724B1A751009C84CE /* Products */;
			projectDirPath = "";
			projectRoot = "";
			targets = (
				98596B9524B1A751009C84CE /* Instagram */,
				98596BB024B1A752009C84CE /* InstagramTests */,
				98596BBB24B1A752009C84CE /* InstagramUITests */,
			);
		};
/* End PBXProject section */

/* Begin PBXResourcesBuildPhase section */
		98596B9424B1A751009C84CE /* Resources */ = {
			isa = PBXResourcesBuildPhase;
			buildActionMask = 2147483647;
			files = (
				98596BA924B1A752009C84CE /* LaunchScreen.storyboard in Resources */,
				98E9950524B3CA820026BCD0 /* HeaderView.xib in Resources */,
				98596BA624B1A752009C84CE /* Assets.xcassets in Resources */,
				98596BA424B1A751009C84CE /* Main.storyboard in Resources */,
				98596BD524B1B108009C84CE /* Billabong.ttf in Resources */,
			);
			runOnlyForDeploymentPostprocessing = 0;
		};
		98596BAF24B1A752009C84CE /* Resources */ = {
			isa = PBXResourcesBuildPhase;
			buildActionMask = 2147483647;
			files = (
			);
			runOnlyForDeploymentPostprocessing = 0;
		};
		98596BBA24B1A752009C84CE /* Resources */ = {
			isa = PBXResourcesBuildPhase;
			buildActionMask = 2147483647;
			files = (
			);
			runOnlyForDeploymentPostprocessing = 0;
		};
/* End PBXResourcesBuildPhase section */

/* Begin PBXShellScriptBuildPhase section */
		005D9E474B016D0ED8517606 /* [CP] Check Pods Manifest.lock */ = {
			isa = PBXShellScriptBuildPhase;
			buildActionMask = 2147483647;
			files = (
			);
			inputFileListPaths = (
			);
			inputPaths = (
				"${PODS_PODFILE_DIR_PATH}/Podfile.lock",
				"${PODS_ROOT}/Manifest.lock",
			);
			name = "[CP] Check Pods Manifest.lock";
			outputFileListPaths = (
			);
			outputPaths = (
				"$(DERIVED_FILE_DIR)/Pods-Instagram-checkManifestLockResult.txt",
			);
			runOnlyForDeploymentPostprocessing = 0;
			shellPath = /bin/sh;
			shellScript = "diff \"${PODS_PODFILE_DIR_PATH}/Podfile.lock\" \"${PODS_ROOT}/Manifest.lock\" > /dev/null\nif [ $? != 0 ] ; then\n    # print error to STDERR\n    echo \"error: The sandbox is not in sync with the Podfile.lock. Run 'pod install' or update your CocoaPods installation.\" >&2\n    exit 1\nfi\n# This output is used by Xcode 'outputs' to avoid re-running this script phase.\necho \"SUCCESS\" > \"${SCRIPT_OUTPUT_FILE_0}\"\n";
			showEnvVarsInLog = 0;
		};
		0405D7BCF4E30662A73E63E9 /* [CP] Check Pods Manifest.lock */ = {
			isa = PBXShellScriptBuildPhase;
			buildActionMask = 2147483647;
			files = (
			);
			inputFileListPaths = (
			);
			inputPaths = (
				"${PODS_PODFILE_DIR_PATH}/Podfile.lock",
				"${PODS_ROOT}/Manifest.lock",
			);
			name = "[CP] Check Pods Manifest.lock";
			outputFileListPaths = (
			);
			outputPaths = (
				"$(DERIVED_FILE_DIR)/Pods-InstagramTests-checkManifestLockResult.txt",
			);
			runOnlyForDeploymentPostprocessing = 0;
			shellPath = /bin/sh;
			shellScript = "diff \"${PODS_PODFILE_DIR_PATH}/Podfile.lock\" \"${PODS_ROOT}/Manifest.lock\" > /dev/null\nif [ $? != 0 ] ; then\n    # print error to STDERR\n    echo \"error: The sandbox is not in sync with the Podfile.lock. Run 'pod install' or update your CocoaPods installation.\" >&2\n    exit 1\nfi\n# This output is used by Xcode 'outputs' to avoid re-running this script phase.\necho \"SUCCESS\" > \"${SCRIPT_OUTPUT_FILE_0}\"\n";
			showEnvVarsInLog = 0;
		};
		298C0E9D0D964D8074EEE7DF /* [CP] Embed Pods Frameworks */ = {
			isa = PBXShellScriptBuildPhase;
			buildActionMask = 2147483647;
			files = (
			);
			inputFileListPaths = (
				"${PODS_ROOT}/Target Support Files/Pods-Instagram-InstagramUITests/Pods-Instagram-InstagramUITests-frameworks-${CONFIGURATION}-input-files.xcfilelist",
			);
			name = "[CP] Embed Pods Frameworks";
			outputFileListPaths = (
				"${PODS_ROOT}/Target Support Files/Pods-Instagram-InstagramUITests/Pods-Instagram-InstagramUITests-frameworks-${CONFIGURATION}-output-files.xcfilelist",
			);
			runOnlyForDeploymentPostprocessing = 0;
			shellPath = /bin/sh;
			shellScript = "\"${PODS_ROOT}/Target Support Files/Pods-Instagram-InstagramUITests/Pods-Instagram-InstagramUITests-frameworks.sh\"\n";
			showEnvVarsInLog = 0;
		};
		40C11D33751F2F0196818E94 /* [CP] Check Pods Manifest.lock */ = {
			isa = PBXShellScriptBuildPhase;
			buildActionMask = 2147483647;
			files = (
			);
			inputFileListPaths = (
			);
			inputPaths = (
				"${PODS_PODFILE_DIR_PATH}/Podfile.lock",
				"${PODS_ROOT}/Manifest.lock",
			);
			name = "[CP] Check Pods Manifest.lock";
			outputFileListPaths = (
			);
			outputPaths = (
				"$(DERIVED_FILE_DIR)/Pods-Instagram-InstagramUITests-checkManifestLockResult.txt",
			);
			runOnlyForDeploymentPostprocessing = 0;
			shellPath = /bin/sh;
			shellScript = "diff \"${PODS_PODFILE_DIR_PATH}/Podfile.lock\" \"${PODS_ROOT}/Manifest.lock\" > /dev/null\nif [ $? != 0 ] ; then\n    # print error to STDERR\n    echo \"error: The sandbox is not in sync with the Podfile.lock. Run 'pod install' or update your CocoaPods installation.\" >&2\n    exit 1\nfi\n# This output is used by Xcode 'outputs' to avoid re-running this script phase.\necho \"SUCCESS\" > \"${SCRIPT_OUTPUT_FILE_0}\"\n";
			showEnvVarsInLog = 0;
		};
		E628C87B57732EE027013109 /* [CP] Embed Pods Frameworks */ = {
			isa = PBXShellScriptBuildPhase;
			buildActionMask = 2147483647;
			files = (
			);
			inputFileListPaths = (
				"${PODS_ROOT}/Target Support Files/Pods-Instagram/Pods-Instagram-frameworks-${CONFIGURATION}-input-files.xcfilelist",
			);
			name = "[CP] Embed Pods Frameworks";
			outputFileListPaths = (
				"${PODS_ROOT}/Target Support Files/Pods-Instagram/Pods-Instagram-frameworks-${CONFIGURATION}-output-files.xcfilelist",
			);
			runOnlyForDeploymentPostprocessing = 0;
			shellPath = /bin/sh;
			shellScript = "\"${PODS_ROOT}/Target Support Files/Pods-Instagram/Pods-Instagram-frameworks.sh\"\n";
			showEnvVarsInLog = 0;
		};
/* End PBXShellScriptBuildPhase section */

/* Begin PBXSourcesBuildPhase section */
		98596B9224B1A751009C84CE /* Sources */ = {
			isa = PBXSourcesBuildPhase;
			buildActionMask = 2147483647;
			files = (
				98E9951424B3E0750026BCD0 /* User.m in Sources */,
				986B145724B679BB0012F68D /* Mention.m in Sources */,
				9875138424B53B9300F95325 /* ProfileCell.m in Sources */,
				9875138D24B5415500F95325 /* StoryViewController.m in Sources */,
				98596BD024B1ADB9009C84CE /* LoginViewController.m in Sources */,
				98E9950324B3CA720026BCD0 /* HeaderView.m in Sources */,
				98596BD824B1BE8C009C84CE /* FeedViewController.m in Sources */,
				98E9950B24B3D1130026BCD0 /* Comment.m in Sources */,
				98596B9B24B1A751009C84CE /* AppDelegate.m in Sources */,
				98E9952124B527F80026BCD0 /* UserViewController.m in Sources */,
				98A8429524B25B95007F87F1 /* FinalComposeViewController.m in Sources */,
				98A8428C24B22D9C007F87F1 /* ComposeViewController.m in Sources */,
				986B145D24B777F90012F68D /* MessageThreadViewController.m in Sources */,
				986B145124B677780012F68D /* MentionsViewController.m in Sources */,
				986B145A24B777D30012F68D /* MessagesViewController.m in Sources */,
				9875138A24B5403800F95325 /* StoriesViewController.m in Sources */,
				986B146024B779420012F68D /* Message.m in Sources */,
				986B145424B678810012F68D /* MentionsCell.m in Sources */,
				9888FBA624B39475005A9D86 /* PostCell.m in Sources */,
				98A8429224B24B65007F87F1 /* EditViewController.m in Sources */,
				98596BAC24B1A752009C84CE /* main.m in Sources */,
				98E9950E24B3DD480026BCD0 /* ProfileViewController.m in Sources */,
				986B144B24B62BEC0012F68D /* StoryCell.m in Sources */,
				98E9951724B4DF4E0026BCD0 /* CommentsViewController.m in Sources */,
				98E9951A24B4E36A0026BCD0 /* CommentCell.m in Sources */,
				986B144E24B65D630012F68D /* ExploreViewController.m in Sources */,
				98A8429824B25CCD007F87F1 /* Post.m in Sources */,
				986B146624B77D820012F68D /* UserCell.m in Sources */,
				986B146324B77B830012F68D /* MessageCell.m in Sources */,
			);
			runOnlyForDeploymentPostprocessing = 0;
		};
		98596BAD24B1A752009C84CE /* Sources */ = {
			isa = PBXSourcesBuildPhase;
			buildActionMask = 2147483647;
			files = (
				98596BB624B1A752009C84CE /* InstagramTests.m in Sources */,
			);
			runOnlyForDeploymentPostprocessing = 0;
		};
		98596BB824B1A752009C84CE /* Sources */ = {
			isa = PBXSourcesBuildPhase;
			buildActionMask = 2147483647;
			files = (
				98596BC124B1A752009C84CE /* InstagramUITests.m in Sources */,
			);
			runOnlyForDeploymentPostprocessing = 0;
		};
/* End PBXSourcesBuildPhase section */

/* Begin PBXTargetDependency section */
		98596BB324B1A752009C84CE /* PBXTargetDependency */ = {
			isa = PBXTargetDependency;
			target = 98596B9524B1A751009C84CE /* Instagram */;
			targetProxy = 98596BB224B1A752009C84CE /* PBXContainerItemProxy */;
		};
		98596BBE24B1A752009C84CE /* PBXTargetDependency */ = {
			isa = PBXTargetDependency;
			target = 98596B9524B1A751009C84CE /* Instagram */;
			targetProxy = 98596BBD24B1A752009C84CE /* PBXContainerItemProxy */;
		};
/* End PBXTargetDependency section */

/* Begin PBXVariantGroup section */
		98596BA224B1A751009C84CE /* Main.storyboard */ = {
			isa = PBXVariantGroup;
			children = (
				98596BA324B1A751009C84CE /* Base */,
			);
			name = Main.storyboard;
			sourceTree = "<group>";
		};
		98596BA724B1A752009C84CE /* LaunchScreen.storyboard */ = {
			isa = PBXVariantGroup;
			children = (
				98596BA824B1A752009C84CE /* Base */,
			);
			name = LaunchScreen.storyboard;
			sourceTree = "<group>";
		};
/* End PBXVariantGroup section */

/* Begin XCBuildConfiguration section */
		98596BC324B1A752009C84CE /* Debug */ = {
			isa = XCBuildConfiguration;
			buildSettings = {
				ALWAYS_SEARCH_USER_PATHS = NO;
				CLANG_ANALYZER_NONNULL = YES;
				CLANG_ANALYZER_NUMBER_OBJECT_CONVERSION = YES_AGGRESSIVE;
				CLANG_CXX_LANGUAGE_STANDARD = "gnu++14";
				CLANG_CXX_LIBRARY = "libc++";
				CLANG_ENABLE_MODULES = YES;
				CLANG_ENABLE_OBJC_ARC = YES;
				CLANG_ENABLE_OBJC_WEAK = YES;
				CLANG_WARN_BLOCK_CAPTURE_AUTORELEASING = YES;
				CLANG_WARN_BOOL_CONVERSION = YES;
				CLANG_WARN_COMMA = YES;
				CLANG_WARN_CONSTANT_CONVERSION = YES;
				CLANG_WARN_DEPRECATED_OBJC_IMPLEMENTATIONS = YES;
				CLANG_WARN_DIRECT_OBJC_ISA_USAGE = YES_ERROR;
				CLANG_WARN_DOCUMENTATION_COMMENTS = YES;
				CLANG_WARN_EMPTY_BODY = YES;
				CLANG_WARN_ENUM_CONVERSION = YES;
				CLANG_WARN_INFINITE_RECURSION = YES;
				CLANG_WARN_INT_CONVERSION = YES;
				CLANG_WARN_NON_LITERAL_NULL_CONVERSION = YES;
				CLANG_WARN_OBJC_IMPLICIT_RETAIN_SELF = YES;
				CLANG_WARN_OBJC_LITERAL_CONVERSION = YES;
				CLANG_WARN_OBJC_ROOT_CLASS = YES_ERROR;
				CLANG_WARN_RANGE_LOOP_ANALYSIS = YES;
				CLANG_WARN_STRICT_PROTOTYPES = YES;
				CLANG_WARN_SUSPICIOUS_MOVE = YES;
				CLANG_WARN_UNGUARDED_AVAILABILITY = YES_AGGRESSIVE;
				CLANG_WARN_UNREACHABLE_CODE = YES;
				CLANG_WARN__DUPLICATE_METHOD_MATCH = YES;
				COPY_PHASE_STRIP = NO;
				DEBUG_INFORMATION_FORMAT = dwarf;
				ENABLE_STRICT_OBJC_MSGSEND = YES;
				ENABLE_TESTABILITY = YES;
				GCC_C_LANGUAGE_STANDARD = gnu11;
				GCC_DYNAMIC_NO_PIC = NO;
				GCC_NO_COMMON_BLOCKS = YES;
				GCC_OPTIMIZATION_LEVEL = 0;
				GCC_PREPROCESSOR_DEFINITIONS = (
					"DEBUG=1",
					"$(inherited)",
				);
				GCC_WARN_64_TO_32_BIT_CONVERSION = YES;
				GCC_WARN_ABOUT_RETURN_TYPE = YES_ERROR;
				GCC_WARN_UNDECLARED_SELECTOR = YES;
				GCC_WARN_UNINITIALIZED_AUTOS = YES_AGGRESSIVE;
				GCC_WARN_UNUSED_FUNCTION = YES;
				GCC_WARN_UNUSED_VARIABLE = YES;
				IPHONEOS_DEPLOYMENT_TARGET = 13.5;
				MTL_ENABLE_DEBUG_INFO = INCLUDE_SOURCE;
				MTL_FAST_MATH = YES;
				ONLY_ACTIVE_ARCH = YES;
				SDKROOT = iphoneos;
			};
			name = Debug;
		};
		98596BC424B1A752009C84CE /* Release */ = {
			isa = XCBuildConfiguration;
			buildSettings = {
				ALWAYS_SEARCH_USER_PATHS = NO;
				CLANG_ANALYZER_NONNULL = YES;
				CLANG_ANALYZER_NUMBER_OBJECT_CONVERSION = YES_AGGRESSIVE;
				CLANG_CXX_LANGUAGE_STANDARD = "gnu++14";
				CLANG_CXX_LIBRARY = "libc++";
				CLANG_ENABLE_MODULES = YES;
				CLANG_ENABLE_OBJC_ARC = YES;
				CLANG_ENABLE_OBJC_WEAK = YES;
				CLANG_WARN_BLOCK_CAPTURE_AUTORELEASING = YES;
				CLANG_WARN_BOOL_CONVERSION = YES;
				CLANG_WARN_COMMA = YES;
				CLANG_WARN_CONSTANT_CONVERSION = YES;
				CLANG_WARN_DEPRECATED_OBJC_IMPLEMENTATIONS = YES;
				CLANG_WARN_DIRECT_OBJC_ISA_USAGE = YES_ERROR;
				CLANG_WARN_DOCUMENTATION_COMMENTS = YES;
				CLANG_WARN_EMPTY_BODY = YES;
				CLANG_WARN_ENUM_CONVERSION = YES;
				CLANG_WARN_INFINITE_RECURSION = YES;
				CLANG_WARN_INT_CONVERSION = YES;
				CLANG_WARN_NON_LITERAL_NULL_CONVERSION = YES;
				CLANG_WARN_OBJC_IMPLICIT_RETAIN_SELF = YES;
				CLANG_WARN_OBJC_LITERAL_CONVERSION = YES;
				CLANG_WARN_OBJC_ROOT_CLASS = YES_ERROR;
				CLANG_WARN_RANGE_LOOP_ANALYSIS = YES;
				CLANG_WARN_STRICT_PROTOTYPES = YES;
				CLANG_WARN_SUSPICIOUS_MOVE = YES;
				CLANG_WARN_UNGUARDED_AVAILABILITY = YES_AGGRESSIVE;
				CLANG_WARN_UNREACHABLE_CODE = YES;
				CLANG_WARN__DUPLICATE_METHOD_MATCH = YES;
				COPY_PHASE_STRIP = NO;
				DEBUG_INFORMATION_FORMAT = "dwarf-with-dsym";
				ENABLE_NS_ASSERTIONS = NO;
				ENABLE_STRICT_OBJC_MSGSEND = YES;
				GCC_C_LANGUAGE_STANDARD = gnu11;
				GCC_NO_COMMON_BLOCKS = YES;
				GCC_WARN_64_TO_32_BIT_CONVERSION = YES;
				GCC_WARN_ABOUT_RETURN_TYPE = YES_ERROR;
				GCC_WARN_UNDECLARED_SELECTOR = YES;
				GCC_WARN_UNINITIALIZED_AUTOS = YES_AGGRESSIVE;
				GCC_WARN_UNUSED_FUNCTION = YES;
				GCC_WARN_UNUSED_VARIABLE = YES;
				IPHONEOS_DEPLOYMENT_TARGET = 13.5;
				MTL_ENABLE_DEBUG_INFO = NO;
				MTL_FAST_MATH = YES;
				SDKROOT = iphoneos;
				VALIDATE_PRODUCT = YES;
			};
			name = Release;
		};
		98596BC624B1A752009C84CE /* Debug */ = {
			isa = XCBuildConfiguration;
			baseConfigurationReference = 8E23E0B5B7D2CD22DB4A8653 /* Pods-Instagram.debug.xcconfig */;
			buildSettings = {
				ASSETCATALOG_COMPILER_APPICON_NAME = AppIcon;
				CODE_SIGN_STYLE = Automatic;
				DEVELOPMENT_TEAM = GZPQ9F2Y2V;
				INFOPLIST_FILE = Instagram/Info.plist;
				LD_RUNPATH_SEARCH_PATHS = (
					"$(inherited)",
					"@executable_path/Frameworks",
				);
				PRODUCT_BUNDLE_IDENTIFIER = com.xurxor.Instagram.Instagram;
				PRODUCT_NAME = "$(TARGET_NAME)";
				TARGETED_DEVICE_FAMILY = "1,2";
			};
			name = Debug;
		};
		98596BC724B1A752009C84CE /* Release */ = {
			isa = XCBuildConfiguration;
			baseConfigurationReference = 42752E89A5FCB6D6B2BF20EF /* Pods-Instagram.release.xcconfig */;
			buildSettings = {
				ASSETCATALOG_COMPILER_APPICON_NAME = AppIcon;
				CODE_SIGN_STYLE = Automatic;
				DEVELOPMENT_TEAM = GZPQ9F2Y2V;
				INFOPLIST_FILE = Instagram/Info.plist;
				LD_RUNPATH_SEARCH_PATHS = (
					"$(inherited)",
					"@executable_path/Frameworks",
				);
				PRODUCT_BUNDLE_IDENTIFIER = com.xurxor.Instagram.Instagram;
				PRODUCT_NAME = "$(TARGET_NAME)";
				TARGETED_DEVICE_FAMILY = "1,2";
			};
			name = Release;
		};
		98596BC924B1A752009C84CE /* Debug */ = {
			isa = XCBuildConfiguration;
			baseConfigurationReference = 7BE5237F5F868B3A71BDFA33 /* Pods-InstagramTests.debug.xcconfig */;
			buildSettings = {
				BUNDLE_LOADER = "$(TEST_HOST)";
				CODE_SIGN_STYLE = Automatic;
				DEVELOPMENT_TEAM = GZPQ9F2Y2V;
				INFOPLIST_FILE = InstagramTests/Info.plist;
				IPHONEOS_DEPLOYMENT_TARGET = 13.5;
				LD_RUNPATH_SEARCH_PATHS = (
					"$(inherited)",
					"@executable_path/Frameworks",
					"@loader_path/Frameworks",
				);
				PRODUCT_BUNDLE_IDENTIFIER = com.xurxor.Instagram.InstagramTests;
				PRODUCT_NAME = "$(TARGET_NAME)";
				TARGETED_DEVICE_FAMILY = "1,2";
				TEST_HOST = "$(BUILT_PRODUCTS_DIR)/Instagram.app/Instagram";
			};
			name = Debug;
		};
		98596BCA24B1A752009C84CE /* Release */ = {
			isa = XCBuildConfiguration;
			baseConfigurationReference = 9DAD3BC6DFF2187B549CDF95 /* Pods-InstagramTests.release.xcconfig */;
			buildSettings = {
				BUNDLE_LOADER = "$(TEST_HOST)";
				CODE_SIGN_STYLE = Automatic;
				DEVELOPMENT_TEAM = GZPQ9F2Y2V;
				INFOPLIST_FILE = InstagramTests/Info.plist;
				IPHONEOS_DEPLOYMENT_TARGET = 13.5;
				LD_RUNPATH_SEARCH_PATHS = (
					"$(inherited)",
					"@executable_path/Frameworks",
					"@loader_path/Frameworks",
				);
				PRODUCT_BUNDLE_IDENTIFIER = com.xurxor.Instagram.InstagramTests;
				PRODUCT_NAME = "$(TARGET_NAME)";
				TARGETED_DEVICE_FAMILY = "1,2";
				TEST_HOST = "$(BUILT_PRODUCTS_DIR)/Instagram.app/Instagram";
			};
			name = Release;
		};
		98596BCC24B1A752009C84CE /* Debug */ = {
			isa = XCBuildConfiguration;
			baseConfigurationReference = 87C3930014F8B72413F2A554 /* Pods-Instagram-InstagramUITests.debug.xcconfig */;
			buildSettings = {
				CODE_SIGN_STYLE = Automatic;
				DEVELOPMENT_TEAM = GZPQ9F2Y2V;
				INFOPLIST_FILE = InstagramUITests/Info.plist;
				LD_RUNPATH_SEARCH_PATHS = (
					"$(inherited)",
					"@executable_path/Frameworks",
					"@loader_path/Frameworks",
				);
				PRODUCT_BUNDLE_IDENTIFIER = com.xurxor.Instagram.InstagramUITests;
				PRODUCT_NAME = "$(TARGET_NAME)";
				TARGETED_DEVICE_FAMILY = "1,2";
				TEST_TARGET_NAME = Instagram;
			};
			name = Debug;
		};
		98596BCD24B1A752009C84CE /* Release */ = {
			isa = XCBuildConfiguration;
			baseConfigurationReference = DE96FB1EB5AACEAE4222DEDC /* Pods-Instagram-InstagramUITests.release.xcconfig */;
			buildSettings = {
				CODE_SIGN_STYLE = Automatic;
				DEVELOPMENT_TEAM = GZPQ9F2Y2V;
				INFOPLIST_FILE = InstagramUITests/Info.plist;
				LD_RUNPATH_SEARCH_PATHS = (
					"$(inherited)",
					"@executable_path/Frameworks",
					"@loader_path/Frameworks",
				);
				PRODUCT_BUNDLE_IDENTIFIER = com.xurxor.Instagram.InstagramUITests;
				PRODUCT_NAME = "$(TARGET_NAME)";
				TARGETED_DEVICE_FAMILY = "1,2";
				TEST_TARGET_NAME = Instagram;
			};
			name = Release;
		};
/* End XCBuildConfiguration section */

/* Begin XCConfigurationList section */
		98596B9124B1A751009C84CE /* Build configuration list for PBXProject "Instagram" */ = {
			isa = XCConfigurationList;
			buildConfigurations = (
				98596BC324B1A752009C84CE /* Debug */,
				98596BC424B1A752009C84CE /* Release */,
			);
			defaultConfigurationIsVisible = 0;
			defaultConfigurationName = Release;
		};
		98596BC524B1A752009C84CE /* Build configuration list for PBXNativeTarget "Instagram" */ = {
			isa = XCConfigurationList;
			buildConfigurations = (
				98596BC624B1A752009C84CE /* Debug */,
				98596BC724B1A752009C84CE /* Release */,
			);
			defaultConfigurationIsVisible = 0;
			defaultConfigurationName = Release;
		};
		98596BC824B1A752009C84CE /* Build configuration list for PBXNativeTarget "InstagramTests" */ = {
			isa = XCConfigurationList;
			buildConfigurations = (
				98596BC924B1A752009C84CE /* Debug */,
				98596BCA24B1A752009C84CE /* Release */,
			);
			defaultConfigurationIsVisible = 0;
			defaultConfigurationName = Release;
		};
		98596BCB24B1A752009C84CE /* Build configuration list for PBXNativeTarget "InstagramUITests" */ = {
			isa = XCConfigurationList;
			buildConfigurations = (
				98596BCC24B1A752009C84CE /* Debug */,
				98596BCD24B1A752009C84CE /* Release */,
			);
			defaultConfigurationIsVisible = 0;
			defaultConfigurationName = Release;
		};
/* End XCConfigurationList section */
	};
	rootObject = 98596B8E24B1A751009C84CE /* Project object */;
}
